github.com/gbrlsnchs/jwt/v3 v3.0.0-beta.0 h1:aNKrhvte4XtVvQelq6y0RNxw03rerU5GZ6rDuJGZyV0=
github.com/gbrlsnchs/jwt/v3 v3.0.0-beta.0/go.mod h1:TVblxrqSCH+1E5/cCnEt7sCDb1brRErn25lltKJBQAw=
github.com/mitchellh/mapstructure v1.1.2 h1:fmNYVwqnSfB9mZU6OS2O6GsXM+wcskZDuKQzvN1EDeE=
github.com/mitchellh/mapstructure v1.1.2/go.mod h1:FVVH3fgwuzCH5S8UJGiWEs2h04kUh9fWfEaFds41c1Y=
golang.org/x/crypto v0.0.0-20190211182817-74369b46fc67 h1:ng3VDlRp5/DHpSWl02R4rM9I+8M2rhmsuLwAMmkLQWE=
golang.org/x/crypto v0.0.0-20190211182817-74369b46fc67/go.mod h1:6SG95UA2DQfeDnfUPMdvaQW0Q7yPrPDi9nlGo2tz2b4=
